// !$*UTF8*$!
{
	archiveVersion = 1;
	classes = {
	};
	objectVersion = 50;
	objects = {

/* Begin PBXBuildFile section */
		2EC2C13E21E6663A003E634C /* AppDelegate.swift in Sources */ = {isa = PBXBuildFile; fileRef = 2EC2C13D21E6663A003E634C /* AppDelegate.swift */; };
		2EC2C14021E6663A003E634C /* ViewController.swift in Sources */ = {isa = PBXBuildFile; fileRef = 2EC2C13F21E6663A003E634C /* ViewController.swift */; };
		2EC2C14321E6663A003E634C /* Main.storyboard in Resources */ = {isa = PBXBuildFile; fileRef = 2EC2C14121E6663A003E634C /* Main.storyboard */; };
		2EC2C14621E6663A003E634C /* iOSLab.xcdatamodeld in Sources */ = {isa = PBXBuildFile; fileRef = 2EC2C14421E6663A003E634C /* iOSLab.xcdatamodeld */; };
		2EC2C14821E6663C003E634C /* Assets.xcassets in Resources */ = {isa = PBXBuildFile; fileRef = 2EC2C14721E6663C003E634C /* Assets.xcassets */; };
		2EC2C14B21E6663C003E634C /* LaunchScreen.storyboard in Resources */ = {isa = PBXBuildFile; fileRef = 2EC2C14921E6663C003E634C /* LaunchScreen.storyboard */; };
		2EC2C15E21E7B4B8003E634C /* tableVC.swift in Sources */ = {isa = PBXBuildFile; fileRef = 2EC2C15D21E7B4B8003E634C /* tableVC.swift */; };
/* End PBXBuildFile section */

/* Begin PBXFileReference section */
		2EC2C13A21E6663A003E634C /* iOSLab.app */ = {isa = PBXFileReference; explicitFileType = wrapper.application; includeInIndex = 0; path = iOSLab.app; sourceTree = BUILT_PRODUCTS_DIR; };
		2EC2C13D21E6663A003E634C /* AppDelegate.swift */ = {isa = PBXFileReference; lastKnownFileType = sourcecode.swift; path = AppDelegate.swift; sourceTree = "<group>"; };
		2EC2C13F21E6663A003E634C /* ViewController.swift */ = {isa = PBXFileReference; lastKnownFileType = sourcecode.swift; path = ViewController.swift; sourceTree = "<group>"; };
		2EC2C14221E6663A003E634C /* Base */ = {isa = PBXFileReference; lastKnownFileType = file.storyboard; name = Base; path = Base.lproj/Main.storyboard; sourceTree = "<group>"; };
		2EC2C14521E6663A003E634C /* iOSLab.xcdatamodel */ = {isa = PBXFileReference; lastKnownFileType = wrapper.xcdatamodel; path = iOSLab.xcdatamodel; sourceTree = "<group>"; };
		2EC2C14721E6663C003E634C /* Assets.xcassets */ = {isa = PBXFileReference; lastKnownFileType = folder.assetcatalog; path = Assets.xcassets; sourceTree = "<group>"; };
		2EC2C14A21E6663C003E634C /* Base */ = {isa = PBXFileReference; lastKnownFileType = file.storyboard; name = Base; path = Base.lproj/LaunchScreen.storyboard; sourceTree = "<group>"; };
		2EC2C14C21E6663C003E634C /* Info.plist */ = {isa = PBXFileReference; lastKnownFileType = text.plist.xml; path = Info.plist; sourceTree = "<group>"; };
		2EC2C15D21E7B4B8003E634C /* tableVC.swift */ = {isa = PBXFileReference; lastKnownFileType = sourcecode.swift; path = tableVC.swift; sourceTree = "<group>"; };
/* End PBXFileReference section */

/* Begin PBXFrameworksBuildPhase section */
		2EC2C13721E6663A003E634C /* Frameworks */ = {
			isa = PBXFrameworksBuildPhase;
			buildActionMask = 2147483647;
			files = (
			);
			runOnlyForDeploymentPostprocessing = 0;
		};
/* End PBXFrameworksBuildPhase section */

/* Begin PBXGroup section */
		2EC2C13121E6663A003E634C = {
			isa = PBXGroup;
			children = (
				2EC2C13C21E6663A003E634C /* iOSLab */,
				2EC2C13B21E6663A003E634C /* Products */,
			);
			sourceTree = "<group>";
		};
		2EC2C13B21E6663A003E634C /* Products */ = {
			isa = PBXGroup;
			children = (
				2EC2C13A21E6663A003E634C /* iOSLab.app */,
			);
			name = Products;
			sourceTree = "<group>";
		};
		2EC2C13C21E6663A003E634C /* iOSLab */ = {
			isa = PBXGroup;
			children = (
				2EC2C13D21E6663A003E634C /* AppDelegate.swift */,
				2EC2C13F21E6663A003E634C /* ViewController.swift */,
				2EC2C14121E6663A003E634C /* Main.storyboard */,
				2EC2C15D21E7B4B8003E634C /* tableVC.swift */,
				2EC2C14721E6663C003E634C /* Assets.xcassets */,
				2EC2C14921E6663C003E634C /* LaunchScreen.storyboard */,
				2EC2C14C21E6663C003E634C /* Info.plist */,
				2EC2C14421E6663A003E634C /* iOSLab.xcdatamodeld */,
			);
			path = iOSLab;
			sourceTree = "<group>";
		};
/* End PBXGroup section */

/* Begin PBXNativeTarget section */
		2EC2C13921E6663A003E634C /* iOSLab */ = {
			isa = PBXNativeTarget;
			buildConfigurationList = 2EC2C14F21E6663C003E634C /* Build configuration list for PBXNativeTarget "iOSLab" */;
			buildPhases = (
				2EC2C13621E6663A003E634C /* Sources */,
				2EC2C13721E6663A003E634C /* Frameworks */,
				2EC2C13821E6663A003E634C /* Resources */,
			);
			buildRules = (
			);
			dependencies = (
			);
			name = iOSLab;
			productName = iOSLab;
			productReference = 2EC2C13A21E6663A003E634C /* iOSLab.app */;
			productType = "com.apple.product-type.application";
		};
/* End PBXNativeTarget section */

/* Begin PBXProject section */
		2EC2C13221E6663A003E634C /* Project object */ = {
			isa = PBXProject;
			attributes = {
				LastSwiftUpdateCheck = 1010;
				LastUpgradeCheck = 1010;
				ORGANIZATIONNAME = "Andrey Minin";
				TargetAttributes = {
					2EC2C13921E6663A003E634C = {
						CreatedOnToolsVersion = 10.1;
					};
				};
			};
			buildConfigurationList = 2EC2C13521E6663A003E634C /* Build configuration list for PBXProject "iOSLab" */;
			compatibilityVersion = "Xcode 9.3";
			developmentRegion = en;
			hasScannedForEncodings = 0;
			knownRegions = (
				en,
				Base,
			);
			mainGroup = 2EC2C13121E6663A003E634C;
			productRefGroup = 2EC2C13B21E6663A003E634C /* Products */;
			projectDirPath = "";
			projectRoot = "";
			targets = (
				2EC2C13921E6663A003E634C /* iOSLab */,
			);
		};
/* End PBXProject section */

/* Begin PBXResourcesBuildPhase section */
		2EC2C13821E6663A003E634C /* Resources */ = {
			isa = PBXResourcesBuildPhase;
			buildActionMask = 2147483647;
			files = (
				2EC2C14B21E6663C003E634C /* LaunchScreen.storyboard in Resources */,
				2EC2C14821E6663C003E634C /* Assets.xcassets in Resources */,
				2EC2C14321E6663A003E634C /* Main.storyboard in Resources */,
			);
			runOnlyForDeploymentPostprocessing = 0;
		};
/* End PBXResourcesBuildPhase section */

/* Begin PBXSourcesBuildPhase section */
		2EC2C13621E6663A003E634C /* Sources */ = {
			isa = PBXSourcesBuildPhase;
			buildActionMask = 2147483647;
			files = (
				2EC2C14021E6663A003E634C /* ViewController.swift in Sources */,
				2EC2C15E21E7B4B8003E634C /* tableVC.swift in Sources */,
				2EC2C13E21E6663A003E634C /* AppDelegate.swift in Sources */,
				2EC2C14621E6663A003E634C /* iOSLab.xcdatamodeld in Sources */,
			);
			runOnlyForDeploymentPostprocessing = 0;
		};
/* End PBXSourcesBuildPhase section */

/* Begin PBXVariantGroup section */
		2EC2C14121E6663A003E634C /* Main.storyboard */ = {
			isa = PBXVariantGroup;
			children = (
				2EC2C14221E6663A003E634C /* Base */,
			);
			name = Main.storyboard;
			sourceTree = "<group>";
		};
		2EC2C14921E6663C003E634C /* LaunchScreen.storyboard */ = {
			isa = PBXVariantGroup;
			children = (
				2EC2C14A21E6663C003E634C /* Base */,
			);
			name = LaunchScreen.storyboard;
			sourceTree = "<group>";
		};
/* End PBXVariantGroup section */

/* Begin XCBuildConfiguration section */
		2EC2C14D21E6663C003E634C /* Debug */ = {
			isa = XCBuildConfiguration;
			buildSettings = {
				ALWAYS_SEARCH_USER_PATHS = NO;
				CLANG_ANALYZER_NONNULL = YES;
				CLANG_ANALYZER_NUMBER_OBJECT_CONVERSION = YES_AGGRESSIVE;
				CLANG_CXX_LANGUAGE_STANDARD = "gnu++14";
				CLANG_CXX_LIBRARY = "libc++";
				CLANG_ENABLE_MODULES = YES;
				CLANG_ENABLE_OBJC_ARC = YES;
				CLANG_ENABLE_OBJC_WEAK = YES;
				CLANG_WARN_BLOCK_CAPTURE_AUTORELEASING = YES;
				CLANG_WARN_BOOL_CONVERSION = YES;
				CLANG_WARN_COMMA = YES;
				CLANG_WARN_CONSTANT_CONVERSION = YES;
				CLANG_WARN_DEPRECATED_OBJC_IMPLEMENTATIONS = YES;
				CLANG_WARN_DIRECT_OBJC_ISA_USAGE = YES_ERROR;
				CLANG_WARN_DOCUMENTATION_COMMENTS = YES;
				CLANG_WARN_EMPTY_BODY = YES;
				CLANG_WARN_ENUM_CONVERSION = YES;
				CLANG_WARN_INFINITE_RECURSION = YES;
				CLANG_WARN_INT_CONVERSION = YES;
				CLANG_WARN_NON_LITERAL_NULL_CONVERSION = YES;
				CLANG_WARN_OBJC_IMPLICIT_RETAIN_SELF = YES;
				CLANG_WARN_OBJC_LITERAL_CONVERSION = YES;
				CLANG_WARN_OBJC_ROOT_CLASS = YES_ERROR;
				CLANG_WARN_RANGE_LOOP_ANALYSIS = YES;
				CLANG_WARN_STRICT_PROTOTYPES = YES;
				CLANG_WARN_SUSPICIOUS_MOVE = YES;
				CLANG_WARN_UNGUARDED_AVAILABILITY = YES_AGGRESSIVE;
				CLANG_WARN_UNREACHABLE_CODE = YES;
				CLANG_WARN__DUPLICATE_METHOD_MATCH = YES;
				CODE_SIGN_IDENTITY = "iPhone Developer";
				COPY_PHASE_STRIP = NO;
				DEBUG_INFORMATION_FORMAT = dwarf;
				ENABLE_STRICT_OBJC_MSGSEND = YES;
				ENABLE_TESTABILITY = YES;
				GCC_C_LANGUAGE_STANDARD = gnu11;
				GCC_DYNAMIC_NO_PIC = NO;
				GCC_NO_COMMON_BLOCKS = YES;
				GCC_OPTIMIZATION_LEVEL = 0;
				GCC_PREPROCESSOR_DEFINITIONS = (
					"DEBUG=1",
					"$(inherited)",
				);
				GCC_WARN_64_TO_32_BIT_CONVERSION = YES;
				GCC_WARN_ABOUT_RETURN_TYPE = YES_ERROR;
				GCC_WARN_UNDECLARED_SELECTOR = YES;
				GCC_WARN_UNINITIALIZED_AUTOS = YES_AGGRESSIVE;
				GCC_WARN_UNUSED_FUNCTION = YES;
				GCC_WARN_UNUSED_VARIABLE = YES;
				IPHONEOS_DEPLOYMENT_TARGET = 12.1;
				MTL_ENABLE_DEBUG_INFO = INCLUDE_SOURCE;
				MTL_FAST_MATH = YES;
				ONLY_ACTIVE_ARCH = YES;
				SDKROOT = iphoneos;
				SWIFT_ACTIVE_COMPILATION_CONDITIONS = DEBUG;
				SWIFT_OPTIMIZATION_LEVEL = "-Onone";
			};
			name = Debug;
		};
		2EC2C14E21E6663C003E634C /* Release */ = {
			isa = XCBuildConfiguration;
			buildSettings = {
				ALWAYS_SEARCH_USER_PATHS = NO;
				CLANG_ANALYZER_NONNULL = YES;
				CLANG_ANALYZER_NUMBER_OBJECT_CONVERSION = YES_AGGRESSIVE;
				CLANG_CXX_LANGUAGE_STANDARD = "gnu++14";
				CLANG_CXX_LIBRARY = "libc++";
				CLANG_ENABLE_MODULES = YES;
				CLANG_ENABLE_OBJC_ARC = YES;
				CLANG_ENABLE_OBJC_WEAK = YES;
				CLANG_WARN_BLOCK_CAPTURE_AUTORELEASING = YES;
				CLANG_WARN_BOOL_CONVERSION = YES;
				CLANG_WARN_COMMA = YES;
				CLANG_WARN_CONSTANT_CONVERSION = YES;
				CLANG_WARN_DEPRECATED_OBJC_IMPLEMENTATIONS = YES;
				CLANG_WARN_DIRECT_OBJC_ISA_USAGE = YES_ERROR;
				CLANG_WARN_DOCUMENTATION_COMMENTS = YES;
				CLANG_WARN_EMPTY_BODY = YES;
				CLANG_WARN_ENUM_CONVERSION = YES;
				CLANG_WARN_INFINITE_RECURSION = YES;
				CLANG_WARN_INT_CONVERSION = YES;
				CLANG_WARN_NON_LITERAL_NULL_CONVERSION = YES;
				CLANG_WARN_OBJC_IMPLICIT_RETAIN_SELF = YES;
				CLANG_WARN_OBJC_LITERAL_CONVERSION = YES;
				CLANG_WARN_OBJC_ROOT_CLASS = YES_ERROR;
				CLANG_WARN_RANGE_LOOP_ANALYSIS = YES;
				CLANG_WARN_STRICT_PROTOTYPES = YES;
				CLANG_WARN_SUSPICIOUS_MOVE = YES;
				CLANG_WARN_UNGUARDED_AVAILABILITY = YES_AGGRESSIVE;
				CLANG_WARN_UNREACHABLE_CODE = YES;
				CLANG_WARN__DUPLICATE_METHOD_MATCH = YES;
				CODE_SIGN_IDENTITY = "iPhone Developer";
				COPY_PHASE_STRIP = NO;
				DEBUG_INFORMATION_FORMAT = "dwarf-with-dsym";
				ENABLE_NS_ASSERTIONS = NO;
				ENABLE_STRICT_OBJC_MSGSEND = YES;
				GCC_C_LANGUAGE_STANDARD = gnu11;
				GCC_NO_COMMON_BLOCKS = YES;
				GCC_WARN_64_TO_32_BIT_CONVERSION = YES;
				GCC_WARN_ABOUT_RETURN_TYPE = YES_ERROR;
				GCC_WARN_UNDECLARED_SELECTOR = YES;
				GCC_WARN_UNINITIALIZED_AUTOS = YES_AGGRESSIVE;
				GCC_WARN_UNUSED_FUNCTION = YES;
				GCC_WARN_UNUSED_VARIABLE = YES;
				IPHONEOS_DEPLOYMENT_TARGET = 12.1;
				MTL_ENABLE_DEBUG_INFO = NO;
				MTL_FAST_MATH = YES;
				SDKROOT = iphoneos;
				SWIFT_COMPILATION_MODE = wholemodule;
				SWIFT_OPTIMIZATION_LEVEL = "-O";
				VALIDATE_PRODUCT = YES;
			};
			name = Release;
		};
		2EC2C15021E6663C003E634C /* Debug */ = {
			isa = XCBuildConfiguration;
			buildSettings = {
				ASSETCATALOG_COMPILER_APPICON_NAME = AppIcon;
				CODE_SIGN_STYLE = Automatic;
				DEVELOPMENT_TEAM = Q4WS8YA4HU;
				INFOPLIST_FILE = iOSLab/Info.plist;
				LD_RUNPATH_SEARCH_PATHS = (
					"$(inherited)",
					"@executable_path/Frameworks",
				);
				PRODUCT_BUNDLE_IDENTIFIER = "--.iOSLab";
				PRODUCT_NAME = "$(TARGET_NAME)";
				SWIFT_VERSION = 4.2;
				TARGETED_DEVICE_FAMILY = "1,2";
			};
			name = Debug;
		};
		2EC2C15121E6663C003E634C /* Release */ = {
			isa = XCBuildConfiguration;
			buildSettings = {
				ASSETCATALOG_COMPILER_APPICON_NAME = AppIcon;
				CODE_SIGN_STYLE = Automatic;
				DEVELOPMENT_TEAM = Q4WS8YA4HU;
				INFOPLIST_FILE = iOSLab/Info.plist;
				LD_RUNPATH_SEARCH_PATHS = (
					"$(inherited)",
					"@executable_path/Frameworks",
				);
				PRODUCT_BUNDLE_IDENTIFIER = "--.iOSLab";
				PRODUCT_NAME = "$(TARGET_NAME)";
				SWIFT_VERSION = 4.2;
				TARGETED_DEVICE_FAMILY = "1,2";
			};
			name = Release;
		};
/* End XCBuildConfiguration section */

/* Begin XCConfigurationList section */
		2EC2C13521E6663A003E634C /* Build configuration list for PBXProject "iOSLab" */ = {
			isa = XCConfigurationList;
			buildConfigurations = (
				2EC2C14D21E6663C003E634C /* Debug */,
				2EC2C14E21E6663C003E634C /* Release */,
			);
			defaultConfigurationIsVisible = 0;
			defaultConfigurationName = Release;
		};
		2EC2C14F21E6663C003E634C /* Build configuration list for PBXNativeTarget "iOSLab" */ = {
			isa = XCConfigurationList;
			buildConfigurations = (
				2EC2C15021E6663C003E634C /* Debug */,
				2EC2C15121E6663C003E634C /* Release */,
			);
			defaultConfigurationIsVisible = 0;
			defaultConfigurationName = Release;
		};
/* End XCConfigurationList section */

/* Begin XCVersionGroup section */
		2EC2C14421E6663A003E634C /* iOSLab.xcdatamodeld */ = {
			isa = XCVersionGroup;
			children = (
				2EC2C14521E6663A003E634C /* iOSLab.xcdatamodel */,
			);
			currentVersion = 2EC2C14521E6663A003E634C /* iOSLab.xcdatamodel */;
			path = iOSLab.xcdatamodeld;
			sourceTree = "<group>";
			versionGroupType = wrapper.xcdatamodel;
		};
/* End XCVersionGroup section */
	};
	rootObject = 2EC2C13221E6663A003E634C /* Project object */;
}
